
Microsoft Visual Studio Solution File, Format Version 12.00
# Visual Studio Version 16
VisualStudioVersion = 16.0.30523.141
MinimumVisualStudioVersion = 10.0.40219.1
Project("{FAE04EC0-301F-11D3-BF4B-00C04F79EFBC}") = "LabWork№1", "LabWork№1\LabWork№1.csproj", "{A67119F0-0900-4288-BDA5-C5EFF50E35E0}"
EndProject
Project("{FAE04EC0-301F-11D3-BF4B-00C04F79EFBC}") = "WorkLab№2", "WorkLab№2\WorkLab№2.csproj", "{24786044-A2A1-4C1D-9836-14CCB87CCF15}"
EndProject
Project("{FAE04EC0-301F-11D3-BF4B-00C04F79EFBC}") = "WorkLab№3", "WorkLab№3\WorkLab№3.csproj", "{BA4AB249-29CD-42F7-A2DB-7C25E62DB647}"
EndProject
Project("{FAE04EC0-301F-11D3-BF4B-00C04F79EFBC}") = "WorkLab№4", "LabWork4\WorkLab№4.csproj", "{7957F3ED-F1DF-4B01-A6DC-FDCDB52AAA7B}"
EndProject
Project("{2150E333-8FDC-42A3-9474-1A3956D46DE8}") = "Аби Евлоев", "Аби Евлоев", "{C1B7C06F-B239-4078-905D-F80E0F59BD82}"
EndProject
Project("{FAE04EC0-301F-11D3-BF4B-00C04F79EFBC}") = "WorkLab№5", "WorkLab№5\WorkLab№5.csproj", "{E117DFD5-EC07-4C84-9462-17BF74202828}"
EndProject
Project("{2150E333-8FDC-42A3-9474-1A3956D46DE8}") = "Девушка", "Девушка", "{6669B419-D5F0-40FA-BAAA-CFCB9CD7ED5B}"
EndProject
Project("{FAE04EC0-301F-11D3-BF4B-00C04F79EFBC}") = "WorkLab№6", "LabWork№6\WorkLab№6.csproj", "{792909F6-F35B-4123-B38D-2EF5DD5CF81C}"
EndProject
Project("{FAE04EC0-301F-11D3-BF4B-00C04F79EFBC}") = "WorkLab№7", "WorkLab№7\WorkLab№7.csproj", "{1374FC71-01B5-4982-96F7-A867382C8069}"
EndProject
Project("{FAE04EC0-301F-11D3-BF4B-00C04F79EFBC}") = "WorkLab№8", "WorkLab№8\WorkLab№8.csproj", "{EB0580BC-2CC7-4E5A-9516-60821EA7277C}"
EndProject
Project("{FAE04EC0-301F-11D3-BF4B-00C04F79EFBC}") = "WorkLab№9", "WorkLab№9\WorkLab№9.csproj", "{6A066416-8184-4FEF-AB04-DAA21D191F2D}"
EndProject
Project("{FAE04EC0-301F-11D3-BF4B-00C04F79EFBC}") = "WorkLab№10_1", "WorkLab№10\WorkLab№10_1.csproj", "{02BC10B5-E0C6-4C22-9DF6-23B894840B84}"
EndProject
Project("{FAE04EC0-301F-11D3-BF4B-00C04F79EFBC}") = "WorkLab№10_2", "WorkLab№10_2\WorkLab№10_2.csproj", "{204987DA-3CD0-4050-A310-D4688B11412C}"
EndProject
Project("{FAE04EC0-301F-11D3-BF4B-00C04F79EFBC}") = "WorkLab№11", "WorkLab№11\WorkLab№11.csproj", "{A03FDFE9-6CAE-406C-A6CC-491256ED34BD}"
EndProject
Global
	GlobalSection(SolutionConfigurationPlatforms) = preSolution
		Debug|Any CPU = Debug|Any CPU
		Release|Any CPU = Release|Any CPU
	EndGlobalSection
	GlobalSection(ProjectConfigurationPlatforms) = postSolution
		{A67119F0-0900-4288-BDA5-C5EFF50E35E0}.Debug|Any CPU.ActiveCfg = Debug|Any CPU
		{A67119F0-0900-4288-BDA5-C5EFF50E35E0}.Debug|Any CPU.Build.0 = Debug|Any CPU
		{A67119F0-0900-4288-BDA5-C5EFF50E35E0}.Release|Any CPU.ActiveCfg = Release|Any CPU
		{A67119F0-0900-4288-BDA5-C5EFF50E35E0}.Release|Any CPU.Build.0 = Release|Any CPU
		{24786044-A2A1-4C1D-9836-14CCB87CCF15}.Debug|Any CPU.ActiveCfg = Debug|Any CPU
		{24786044-A2A1-4C1D-9836-14CCB87CCF15}.Debug|Any CPU.Build.0 = Debug|Any CPU
		{24786044-A2A1-4C1D-9836-14CCB87CCF15}.Release|Any CPU.ActiveCfg = Release|Any CPU
		{24786044-A2A1-4C1D-9836-14CCB87CCF15}.Release|Any CPU.Build.0 = Release|Any CPU
		{BA4AB249-29CD-42F7-A2DB-7C25E62DB647}.Debug|Any CPU.ActiveCfg = Debug|Any CPU
		{BA4AB249-29CD-42F7-A2DB-7C25E62DB647}.Debug|Any CPU.Build.0 = Debug|Any CPU
		{BA4AB249-29CD-42F7-A2DB-7C25E62DB647}.Release|Any CPU.ActiveCfg = Release|Any CPU
		{BA4AB249-29CD-42F7-A2DB-7C25E62DB647}.Release|Any CPU.Build.0 = Release|Any CPU
		{7957F3ED-F1DF-4B01-A6DC-FDCDB52AAA7B}.Debug|Any CPU.ActiveCfg = Debug|Any CPU
		{7957F3ED-F1DF-4B01-A6DC-FDCDB52AAA7B}.Debug|Any CPU.Build.0 = Debug|Any CPU
		{7957F3ED-F1DF-4B01-A6DC-FDCDB52AAA7B}.Release|Any CPU.ActiveCfg = Release|Any CPU
		{7957F3ED-F1DF-4B01-A6DC-FDCDB52AAA7B}.Release|Any CPU.Build.0 = Release|Any CPU
		{E117DFD5-EC07-4C84-9462-17BF74202828}.Debug|Any CPU.ActiveCfg = Debug|Any CPU
		{E117DFD5-EC07-4C84-9462-17BF74202828}.Debug|Any CPU.Build.0 = Debug|Any CPU
		{E117DFD5-EC07-4C84-9462-17BF74202828}.Release|Any CPU.ActiveCfg = Release|Any CPU
		{E117DFD5-EC07-4C84-9462-17BF74202828}.Release|Any CPU.Build.0 = Release|Any CPU
		{792909F6-F35B-4123-B38D-2EF5DD5CF81C}.Debug|Any CPU.ActiveCfg = Debug|Any CPU
		{792909F6-F35B-4123-B38D-2EF5DD5CF81C}.Debug|Any CPU.Build.0 = Debug|Any CPU
		{792909F6-F35B-4123-B38D-2EF5DD5CF81C}.Release|Any CPU.ActiveCfg = Release|Any CPU
		{792909F6-F35B-4123-B38D-2EF5DD5CF81C}.Release|Any CPU.Build.0 = Release|Any CPU
		{1374FC71-01B5-4982-96F7-A867382C8069}.Debug|Any CPU.ActiveCfg = Debug|Any CPU
		{1374FC71-01B5-4982-96F7-A867382C8069}.Debug|Any CPU.Build.0 = Debug|Any CPU
		{1374FC71-01B5-4982-96F7-A867382C8069}.Release|Any CPU.ActiveCfg = Release|Any CPU
		{1374FC71-01B5-4982-96F7-A867382C8069}.Release|Any CPU.Build.0 = Release|Any CPU
		{EB0580BC-2CC7-4E5A-9516-60821EA7277C}.Debug|Any CPU.ActiveCfg = Debug|Any CPU
		{EB0580BC-2CC7-4E5A-9516-60821EA7277C}.Debug|Any CPU.Build.0 = Debug|Any CPU
		{EB0580BC-2CC7-4E5A-9516-60821EA7277C}.Release|Any CPU.ActiveCfg = Release|Any CPU
		{EB0580BC-2CC7-4E5A-9516-60821EA7277C}.Release|Any CPU.Build.0 = Release|Any CPU
		{6A066416-8184-4FEF-AB04-DAA21D191F2D}.Debug|Any CPU.ActiveCfg = Debug|Any CPU
		{6A066416-8184-4FEF-AB04-DAA21D191F2D}.Debug|Any CPU.Build.0 = Debug|Any CPU
		{6A066416-8184-4FEF-AB04-DAA21D191F2D}.Release|Any CPU.ActiveCfg = Release|Any CPU
		{6A066416-8184-4FEF-AB04-DAA21D191F2D}.Release|Any CPU.Build.0 = Release|Any CPU
		{02BC10B5-E0C6-4C22-9DF6-23B894840B84}.Debug|Any CPU.ActiveCfg = Debug|Any CPU
		{02BC10B5-E0C6-4C22-9DF6-23B894840B84}.Debug|Any CPU.Build.0 = Debug|Any CPU
		{02BC10B5-E0C6-4C22-9DF6-23B894840B84}.Release|Any CPU.ActiveCfg = Release|Any CPU
		{02BC10B5-E0C6-4C22-9DF6-23B894840B84}.Release|Any CPU.Build.0 = Release|Any CPU
		{204987DA-3CD0-4050-A310-D4688B11412C}.Debug|Any CPU.ActiveCfg = Debug|Any CPU
		{204987DA-3CD0-4050-A310-D4688B11412C}.Debug|Any CPU.Build.0 = Debug|Any CPU
		{204987DA-3CD0-4050-A310-D4688B11412C}.Release|Any CPU.ActiveCfg = Release|Any CPU
		{204987DA-3CD0-4050-A310-D4688B11412C}.Release|Any CPU.Build.0 = Release|Any CPU
		{A03FDFE9-6CAE-406C-A6CC-491256ED34BD}.Debug|Any CPU.ActiveCfg = Debug|Any CPU
		{A03FDFE9-6CAE-406C-A6CC-491256ED34BD}.Debug|Any CPU.Build.0 = Debug|Any CPU
		{A03FDFE9-6CAE-406C-A6CC-491256ED34BD}.Release|Any CPU.ActiveCfg = Release|Any CPU
		{A03FDFE9-6CAE-406C-A6CC-491256ED34BD}.Release|Any CPU.Build.0 = Release|Any CPU
	EndGlobalSection
	GlobalSection(SolutionProperties) = preSolution
		HideSolutionNode = FALSE
	EndGlobalSection
	GlobalSection(NestedProjects) = preSolution
		{7957F3ED-F1DF-4B01-A6DC-FDCDB52AAA7B} = {C1B7C06F-B239-4078-905D-F80E0F59BD82}
		{E117DFD5-EC07-4C84-9462-17BF74202828} = {C1B7C06F-B239-4078-905D-F80E0F59BD82}
		{792909F6-F35B-4123-B38D-2EF5DD5CF81C} = {6669B419-D5F0-40FA-BAAA-CFCB9CD7ED5B}
		{1374FC71-01B5-4982-96F7-A867382C8069} = {6669B419-D5F0-40FA-BAAA-CFCB9CD7ED5B}
	EndGlobalSection
	GlobalSection(ExtensibilityGlobals) = postSolution
		SolutionGuid = {99E71A5B-1D4E-4359-8560-87D206682558}
	EndGlobalSection
EndGlobal
